{"SurveyEntry":{"SurveyID":"SV_8kK7mFtZv8hrwI6","SurveyName":"AI Advice copy","SurveyDescription":null,"SurveyOwnerID":"UR_d72rFVQjuqFKwnk","SurveyBrandID":"nhh","DivisionID":null,"SurveyLanguage":"EN","SurveyActiveResponseSet":"RS_24A7rVzP8WqYPwq","SurveyStatus":"Inactive","SurveyStartDate":"0000-00-00 00:00:00","SurveyExpirationDate":"0000-00-00 00:00:00","SurveyCreationDate":"2026-08-03 08:05:04","CreatorID":"UR_d72rFVQjuqFKwnk","LastModified":"2026-09-21 04:10:04","LastAccessed":"0000-00-00 00:00:00","LastActivated":"0000-00-00 00:00:00","Deleted":null},"SurveyElements":[{"SurveyID":"SV_8kK7mFtZv8hrwI6","Element":"BL","PrimaryAttribute":"Survey Blocks","SecondaryAttribute":null,"TertiaryAttribute":null,"Payload":{"0":{"Type":"Default","Description":"Introduction","ID":"BL_5hgrnsFPsj5vKCO","BlockElements":[{"Type":"Question","QuestionID":"QID53"},{"Type":"Page Break"},{"Type":"Question","QuestionID":"QID1"}],"Options":{"BlockLocking":"false","RandomizeQuestions":"false","BlockVisibility":"Expanded"}},"1":{"Type":"Trash","Description":"Trash \/ Unused Questions","ID":"BL_esV3PtB2MB3JZ66","BlockElements":[{"Type":"Question","QuestionID":"QID9"},{"Type":"Question","QuestionID":"QID10"},{"Type":"Question","QuestionID":"QID18"},{"Type":"Question","QuestionID":"QID11"},{"Type":"Question","QuestionID":"QID15"},{"Type":"Question","QuestionID":"QID16"},{"Type":"Question","QuestionID":"QID17"},{"Type":"Question","QuestionID":"QID37"},{"Type":"Question","QuestionID":"QID19"},{"Type":"Question","QuestionID":"QID20"},{"Type":"Question","QuestionID":"QID21"},{"Type":"Question","QuestionID":"QID38"},{"Type":"Question","QuestionID":"QID22"},{"Type":"Question","QuestionID":"QID23"},{"Type":"Question","QuestionID":"QID24"},{"Type":"Question","QuestionID":"QID41"},{"Type":"Question","QuestionID":"QID25"},{"Type":"Question","QuestionID":"QID26"},{"Type":"Question","QuestionID":"QID27"},{"Type":"Question","QuestionID":"QID39"},{"Type":"Question","QuestionID":"QID28"},{"Type":"Question","QuestionID":"QID29"},{"Type":"Question","QuestionID":"QID30"},{"Type":"Question","QuestionID":"QID40"},{"Type":"Question","QuestionID":"QID8"},{"Type":"Question","QuestionID":"QID7"},{"Type":"Question","QuestionID":"QID14"},{"Type":"Question","QuestionID":"QID4"},{"Type":"Question","QuestionID":"QID6"},{"Type":"Question","QuestionID":"QID3"},{"Type":"Question","QuestionID":"QID31"},{"Type":"Question","QuestionID":"QID43"},{"Type":"Question","QuestionID":"QID44"},{"Type":"Question","QuestionID":"QID45"},{"Type":"Question","QuestionID":"QID46"},{"Type":"Question","QuestionID":"QID42"},{"Type":"Question","QuestionID":"QID32"}],"Options":{"BlockLocking":"false","RandomizeQuestions":"false","BlockVisibility":"Expanded"}},"6":{"Type":"Standard","SubType":"","Description":"Advice Instructions","ID":"BL_afmAIQdxZ7VnmiG","BlockElements":[{"Type":"Question","QuestionID":"QID33"},{"Type":"Page Break"},{"Type":"Question","QuestionID":"QID34"},{"Type":"Question","QuestionID":"QID35"},{"Type":"Page Break"},{"Type":"Question","QuestionID":"QID36"},{"Type":"Page Break"},{"Type":"Question","QuestionID":"QID54"},{"Type":"Page Break"},{"Type":"Question","QuestionID":"QID13"}],"Options":{"BlockLocking":"false","RandomizeQuestions":"false","BlockVisibility":"Expanded"}},"12":{"Type":"Standard","SubType":"","Description":"AI advice 1","ID":"BL_3Vona5LNo1cvl0q","BlockElements":[{"Type":"Question","QuestionID":"QID48"},{"Type":"Question","QuestionID":"QID47"}],"Options":{"BlockLocking":"false","RandomizeQuestions":"false","BlockVisibility":"Expanded"}},"13":{"Type":"Standard","SubType":"","Description":"AI advice 2","ID":"BL_7QbYfICheXo8su2","BlockElements":[{"Type":"Question","QuestionID":"QID49"},{"Type":"Question","QuestionID":"QID50"}],"Options":{"BlockLocking":"false","RandomizeQuestions":"false","BlockVisibility":"Expanded"}},"14":{"Type":"Standard","SubType":"","Description":"AI advice 3","ID":"BL_3xC1DEX1CbvBK62","BlockElements":[{"Type":"Question","QuestionID":"QID51"},{"Type":"Question","QuestionID":"QID52"}],"Options":{"BlockLocking":"false","RandomizeQuestions":"false","BlockVisibility":"Expanded"}},"15":{"Type":"Standard","SubType":"","Description":"End of survey","ID":"BL_3JLYaElr3CGvDwy","BlockElements":[{"Type":"Question","QuestionID":"QID55"}]}}},{"SurveyID":"SV_8kK7mFtZv8hrwI6","Element":"FL","PrimaryAttribute":"Survey Flow","SecondaryAttribute":null,"TertiaryAttribute":null,"Payload":{"Type":"Root","FlowID":"FL_1","Flow":[{"Type":"EmbeddedData","FlowID":"FL_19","EmbeddedData":[{"Description":"attempts_take","Type":"Recipient","Field":"attempts_take","VariableType":"String","DataVisibility":[],"AnalyzeText":false},{"Description":"attempts_give","Type":"Recipient","Field":"attempts_give","VariableType":"String","DataVisibility":[],"AnalyzeText":false}]},{"Type":"Block","ID":"BL_5hgrnsFPsj5vKCO","FlowID":"FL_2","Autofill":[]},{"Type":"Standard","ID":"BL_afmAIQdxZ7VnmiG","FlowID":"FL_7","Autofill":[]},{"Type":"BlockRandomizer","FlowID":"FL_17","SubSet":3,"Flow":[{"Type":"Standard","ID":"BL_3Vona5LNo1cvl0q","FlowID":"FL_14","Autofill":[]},{"Type":"Standard","ID":"BL_7QbYfICheXo8su2","FlowID":"FL_15","Autofill":[]},{"Type":"Standard","ID":"BL_3xC1DEX1CbvBK62","FlowID":"FL_16","Autofill":[]}]},{"Type":"Standard","ID":"BL_3JLYaElr3CGvDwy","FlowID":"FL_18","Autofill":[]},{"Type":"EndSurvey","FlowID":"FL_20","EndingType":"Advanced","Options":{"Advanced":"true","SurveyTermination":"Redirect","EOSRedirectURL":"https:\/\/app.prolific.com\/submissions\/complete?cc=CRKUY61S"}}],"Properties":{"Count":20}}},{"SurveyID":"SV_8kK7mFtZv8hrwI6","Element":"PL","PrimaryAttribute":"Preview Link","SecondaryAttribute":null,"TertiaryAttribute":null,"Payload":{"PreviewType":"Brand","PreviewID":"d711fdaf-b2ad-40b8-ba29-7e98e5c590cf"}},{"SurveyID":"SV_8kK7mFtZv8hrwI6","Element":"PROJ","PrimaryAttribute":"CORE","SecondaryAttribute":null,"TertiaryAttribute":"1.1.0","Payload":{"ProjectCategory":"CORE","SchemaVersion":"1.1.0"}},{"SurveyID":"SV_8kK7mFtZv8hrwI6","Element":"QC","PrimaryAttribute":"Survey Question Count","SecondaryAttribute":"55","TertiaryAttribute":null,"Payload":null},{"SurveyID":"SV_8kK7mFtZv8hrwI6","Element":"RS","PrimaryAttribute":"RS_24A7rVzP8WqYPwq","SecondaryAttribute":"Default Response Set","TertiaryAttribute":null,"Payload":null},{"SurveyID":"SV_8kK7mFtZv8hrwI6","Element":"SCO","PrimaryAttribute":"Scoring","SecondaryAttribute":null,"TertiaryAttribute":null,"Payload":{"ScoringCategories":[],"ScoringCategoryGroups":[],"ScoringSummaryCategory":null,"ScoringSummaryAfterQuestions":0,"ScoringSummaryAfterSurvey":0,"DefaultScoringCategory":null,"AutoScoringCategory":null}},{"SurveyID":"SV_8kK7mFtZv8hrwI6","Element":"SO","PrimaryAttribute":"Survey Options","SecondaryAttribute":null,"TertiaryAttribute":null,"Payload":{"BackButton":"false","SaveAndContinue":"true","SurveyProtection":"PublicSurvey","BallotBoxStuffingPrevention":"false","NoIndex":"Yes","SecureResponseFiles":"true","SurveyExpiration":"None","SurveyTermination":"Redirect","Header":"","Footer":"","ProgressBarDisplay":"None","PartialData":"+1 week","ValidationMessage":null,"PreviousButton":"","NextButton":"","SurveyTitle":"Qualtrics Survey | Qualtrics Experience Management","SkinLibrary":"nhh","SkinType":"templated","Skin":{"brandingId":null,"templateId":"*base","overrides":null},"NewScoring":1,"SurveyMetaDescription":"The most powerful, simple and trusted way to gather experience data. Start your journey to experience management and try a free account today.","EOSMessage":null,"ShowExportTags":"false","CollectGeoLocation":"false","PasswordProtection":"No","AnonymizeResponse":"No","RefererCheck":"No","BallotBoxStuffingPreventionBehavior":null,"BallotBoxStuffingPreventionMessage":null,"BallotBoxStuffingPreventionMessageLibrary":null,"BallotBoxStuffingPreventionURL":null,"RecaptchaV3":"false","ConfirmStart":false,"AutoConfirmStart":false,"RelevantID":"false","RelevantIDLockoutPeriod":"+30 days","UseCustomSurveyLinkCompletedMessage":null,"SurveyLinkCompletedMessage":null,"SurveyLinkCompletedMessageLibrary":null,"ResponseSummary":"No","EOSMessageLibrary":null,"EOSRedirectURL":"https:\/\/app.prolific.com\/submissions\/complete?cc=CRKUY61S","EmailThankYou":"false","ThankYouEmailMessageLibrary":null,"ThankYouEmailMessage":null,"ValidateMessage":"false","ValidationMessageLibrary":null,"InactiveSurvey":null,"PartialDeletion":null,"PartialDataCloseAfter":"LastActivity","InactiveMessageLibrary":null,"InactiveMessage":null,"AvailableLanguages":{"EN":[]}}},{"SurveyID":"SV_8kK7mFtZv8hrwI6","Element":"SQ","PrimaryAttribute":"QID1","SecondaryAttribute":"In this study, you will be shown an hypothetical allocation decision. Please read the instruction...","TertiaryAttribute":null,"Payload":{"QuestionText":"In this study, you will be shown an hypothetical allocation decision. Please read the instructions carefully, as if you were making the decision.&nbsp;<br>\n<br>\nWe will then ask you a number of comprehension checks. You will receive <b>\u00a30.50<\/b> for each question you answer correctly at <b>the first attempt<\/b>.<br>\n<br>\nAfter you complete the comprehension checks, we will ask for your opinion on certain features of the decision.<br>\n<br>\nPlease click on the button below to read the instructions for the study.","DefaultChoices":false,"DataExportTag":"Q2","QuestionID":"QID1","QuestionType":"DB","Selector":"TB","DataVisibility":{"Private":false,"Hidden":false},"Configuration":{"QuestionDescriptionOption":"UseText"},"QuestionDescription":"In this study, you will be shown an hypothetical allocation decision. Please read the instruction...","ChoiceOrder":[],"Validation":{"Settings":{"Type":"None"}},"GradingData":[],"Language":[],"NextChoiceId":4,"NextAnswerId":1}},{"SurveyID":"SV_8kK7mFtZv8hrwI6","Element":"SQ","PrimaryAttribute":"QID10","SecondaryAttribute":"Reassessment We sent the following question to an AI agent (e.g., Chat-GPT, Claude, Gemini), aski...","TertiaryAttribute":null,"Payload":{"QuestionText":"<span style=\"font-size:19px;\"><strong>Reassessment<\/strong><\/span><br>\n<br>We sent the following question to an AI agent (e.g., Chat-GPT, Claude, Gemini), asking what it would do if it were in your position. You will shortly see the response by the AI agent to the question. You can ask 2 additional questions of your own. After it responds, if you wish, you can reassess your decision on how much to transfer to the person in room B.<br>","DefaultChoices":false,"DataExportTag":"Q10","QuestionType":"DB","Selector":"TB","DataVisibility":{"Private":false,"Hidden":false},"Configuration":{"QuestionDescriptionOption":"UseText"},"QuestionDescription":"Reassessment We sent the following question to an AI agent (e.g., Chat-GPT, Claude, Gemini), aski...","ChoiceOrder":[],"Validation":{"Settings":{"Type":"None"}},"GradingData":[],"Language":[],"NextChoiceId":4,"NextAnswerId":1,"QuestionID":"QID10"}},{"SurveyID":"SV_8kK7mFtZv8hrwI6","Element":"SQ","PrimaryAttribute":"QID11","SecondaryAttribute":"The person in room B you will be matched with is aware that: - The question below has been asked...","TertiaryAttribute":null,"Payload":{"QuestionText":"The person in room B you will be matched with is aware that:<br \/>\n- The question below has been asked to the AI Agent, but they are not aware of the answer it will give you.<br \/>\n- The person in room B you will be matched knows that you may ask 2 more questions to the AI Agent, but they will not know whether you asked them or not, nor what those questions are, nor the answers given by the AI Agent.<br \/>\n- You will be able to revise your decision after interacting with the AI Agent.","DefaultChoices":false,"DataExportTag":"Q11","QuestionType":"DB","Selector":"GRB","DataVisibility":{"Private":false,"Hidden":false},"Configuration":{"QuestionDescriptionOption":"UseText"},"QuestionDescription":"The person in room B you will be matched with is aware that: - The question below has been asked...","ChoiceOrder":[],"Validation":{"Settings":{"Type":"None"}},"GradingData":[],"Language":[],"NextChoiceId":4,"NextAnswerId":1,"QuestionID":"QID11","SubSelector":"WTXB","Graphics":"IM_LvGe0PZ6VPyRIK1","GraphicsDescription":"Screenshot 2026 04 08 at 16.32.19"}},{"SurveyID":"SV_8kK7mFtZv8hrwI6","Element":"SQ","PrimaryAttribute":"QID13","SecondaryAttribute":"We prompted the AI Agent with this question many times and it gave a number of different answers....","TertiaryAttribute":null,"Payload":{"QuestionText":"We prompted the AI Agent with this question many times and it gave a number of different answers.<br \/>\n<br \/>\nWe selected three responses where the AI agent suggested the following recommendation: &quot;<strong>The decision-maker should give &pound;3 to the recipient<\/strong>&quot;.<br \/>\n<br \/>\nIn its response, the AI agent also provided three different evaluative <em>standards <\/em>and three different <em>justifications<\/em> supporting this recommendation. We would like to ask you to rate each response on a set of attributes.<br \/>\n&nbsp;<br \/>\nPlease click on the button below to read and rate each response.","DefaultChoices":false,"DataExportTag":"Q8","QuestionType":"DB","Selector":"TB","DataVisibility":{"Private":false,"Hidden":false},"Configuration":{"QuestionDescriptionOption":"UseText"},"QuestionDescription":"We prompted the AI Agent with this question many times and it gave a number of different answers....","ChoiceOrder":[],"Validation":{"Settings":{"Type":"None"}},"GradingData":[],"Language":[],"NextChoiceId":9,"NextAnswerId":1,"QuestionID":"QID13"}},{"SurveyID":"SV_8kK7mFtZv8hrwI6","Element":"SQ","PrimaryAttribute":"QID14","SecondaryAttribute":"What is the least a participant in room A can send to a participant in room B?\u00a0","TertiaryAttribute":null,"Payload":{"QuestionText":"What is the least a participant in room A can <b>send<\/b> to a participant in room B?&nbsp;","DefaultChoices":false,"DataExportTag":"Q14","QuestionType":"MC","Selector":"SAVR","SubSelector":"TX","DataVisibility":{"Private":false,"Hidden":false},"Configuration":{"QuestionDescriptionOption":"UseText"},"QuestionDescription":"What is the least a participant in room A can send to a participant in room B?\u00a0","Choices":{"1":{"Display":"\u00a34"},"2":{"Display":"\u00a310"},"3":{"Display":"\u00a313"}},"ChoiceOrder":["1","2","3"],"Validation":{"Settings":{"ForceResponse":"OFF","Type":"None"}},"GradingData":[],"Language":[],"NextChoiceId":4,"NextAnswerId":1,"QuestionID":"QID14"}},{"SurveyID":"SV_8kK7mFtZv8hrwI6","Element":"SQ","PrimaryAttribute":"QID15","SecondaryAttribute":"AI Response: \"Evaluative Standard: Equality Recommendation: The decision-maker should give \u00a33 to...","TertiaryAttribute":null,"Payload":{"QuestionText":"AI Response:<br>\n<br>\n\"Evaluative Standard: Equality<br>\nRecommendation: The decision-maker should give \u00a33 to the recipient.<br>\nJustification: By giving \u00a33 to the recipient, both the decision-maker and the recipient will have \u00a37 each. This upholds the principle of equality by ensuring both parties have equal amounts of money.\"","DefaultChoices":false,"DataExportTag":"Q15","QuestionType":"DB","Selector":"TB","DataVisibility":{"Private":false,"Hidden":false},"Configuration":{"QuestionDescriptionOption":"UseText"},"QuestionDescription":"AI Response: \"Evaluative Standard: Equality Recommendation: The decision-maker should give \u00a33 to...","ChoiceOrder":[],"Validation":{"Settings":{"Type":"None"}},"GradingData":[],"Language":[],"NextChoiceId":4,"NextAnswerId":1,"QuestionID":"QID15"}},{"SurveyID":"SV_8kK7mFtZv8hrwI6","Element":"SQ","PrimaryAttribute":"QID16","SecondaryAttribute":"Please evaluate the AI Agent's response on the following criteria:","TertiaryAttribute":null,"Payload":{"QuestionText":"Please evaluate the AI Agent's response on the following criteria:","DefaultChoices":false,"DataExportTag":"Q16","QuestionID":"QID16","QuestionType":"Matrix","Selector":"Likert","SubSelector":"SingleAnswer","DataVisibility":{"Private":false,"Hidden":false},"Configuration":{"QuestionDescriptionOption":"UseText","TextPosition":"inline","ChoiceColumnWidth":25,"RepeatHeaders":"none","WhiteSpace":"OFF","MobileFirst":true},"QuestionDescription":"Please evaluate the AI Agent's response on the following criteria:","Choices":{"1":{"Display":"The AI Agent's response is clear."},"2":{"Display":"The AI Agent's response is useful."},"3":{"Display":"The AI Agent's response is persuasive."},"4":{"Display":"The AI Agent's response is appropriate."},"5":{"Display":"The AI Agent's response is pushy."}},"ChoiceOrder":[1,2,3,4,5],"Validation":{"Settings":{"ForceResponse":"ON","ForceResponseType":"ON","Type":"None"}},"GradingData":[],"Language":[],"NextChoiceId":6,"NextAnswerId":6,"Answers":{"1":{"Display":"Completely disagree"},"2":{"Display":"&nbsp;"},"3":{"Display":"&nbsp;"},"4":{"Display":"&nbsp;"},"5":{"Display":"Completely agree"}},"AnswerOrder":[1,2,3,4,5],"ChoiceDataExportTags":false,"Randomization":{"Advanced":null,"Type":"All","ConsistentScaleReversal":true,"TotalRandSubset":""}}},{"SurveyID":"SV_8kK7mFtZv8hrwI6","Element":"SQ","PrimaryAttribute":"QID17","SecondaryAttribute":"Please select from the options below the best descriptors of how the advice felt to you. You can...","TertiaryAttribute":null,"Payload":{"QuestionText":"Please select from the options below the best descriptors of how the advice felt to you. You can select as many options as you think are relevant.","DefaultChoices":false,"DataExportTag":"Q17","QuestionType":"MC","Selector":"MAVR","SubSelector":"TX","DataVisibility":{"Private":false,"Hidden":false},"Configuration":{"QuestionDescriptionOption":"UseText"},"QuestionDescription":"Please select from the options below the best descriptors of how the advice felt to you. You can...","Choices":{"1":{"Display":"Kind"},"2":{"Display":"Neutral"},"3":{"Display":"Harsh"},"4":{"Display":"Warm"},"5":{"Display":"Shaming"},"6":{"Display":"Supportive"}},"ChoiceOrder":[1,2,3,4,5,6],"Validation":{"Settings":{"ForceResponse":"ON","ForceResponseType":"ON","Type":"None"}},"GradingData":[],"Language":[],"NextChoiceId":7,"NextAnswerId":1,"QuestionID":"QID17","Randomization":{"Advanced":null,"Type":"All","ConsistentScaleReversal":true,"TotalRandSubset":""}}},{"SurveyID":"SV_8kK7mFtZv8hrwI6","Element":"SQ","PrimaryAttribute":"QID18","SecondaryAttribute":" ","TertiaryAttribute":null,"Payload":{"QuestionText":"&nbsp; &nbsp;","DefaultChoices":false,"DataExportTag":"Q18","QuestionID":"QID18","QuestionType":"DB","Selector":"GRB","DataVisibility":{"Private":false,"Hidden":false},"Configuration":{"QuestionDescriptionOption":"UseText"},"QuestionDescription":" ","ChoiceOrder":[],"Validation":{"Settings":{"Type":"None"}},"GradingData":[],"Language":[],"NextChoiceId":4,"NextAnswerId":1,"SubSelector":"WTXB","Graphics":"IM_LvGe0PZ6VPyRIK1","GraphicsDescription":"Screenshot 2026 04 08 at 16.32.19"}},{"SurveyID":"SV_8kK7mFtZv8hrwI6","Element":"SQ","PrimaryAttribute":"QID19","SecondaryAttribute":"AI Response: \"Evaluative Standard: Fairness Recommendation: The decision-maker should give \u00a33 to...","TertiaryAttribute":null,"Payload":{"QuestionText":"AI Response:<br>\n<br>\n\"Evaluative Standard: Fairness<br>\nRecommendation: The decision-maker should give \u00a33 to the recipient.<br>\nJustification: This will result in both parties having \u00a37, ensuring an equal distribution of resources which aligns with the principle of fairness.\"","DefaultChoices":false,"QuestionType":"DB","Selector":"TB","DataVisibility":{"Private":false,"Hidden":false},"Configuration":{"QuestionDescriptionOption":"UseText"},"QuestionDescription":"AI Response: \"Evaluative Standard: Fairness Recommendation: The decision-maker should give \u00a33 to...","ChoiceOrder":[],"Validation":{"Settings":{"Type":"None"}},"GradingData":[],"Language":[],"NextChoiceId":4,"NextAnswerId":1,"QuestionText_Unsafe":"AI Response:<br><br>\"Evaluative Standard: Equality\n\nRecommendation: The decision-maker should give \u00a33 to the recipient.\n\nJustification: By giving \u00a33 to the recipient, both the decision-maker and the recipient will have \u00a37 each. This upholds the principle of equality by ensuring both parties have equal amounts of money.\"","DataExportTag":"Q19","QuestionID":"QID19"}},{"SurveyID":"SV_8kK7mFtZv8hrwI6","Element":"SQ","PrimaryAttribute":"QID20","SecondaryAttribute":"Please evaluate the AI Agent's response on the following criteria:","TertiaryAttribute":null,"Payload":{"QuestionText":"Please evaluate the AI Agent's response on the following criteria:","DefaultChoices":false,"QuestionType":"Matrix","Selector":"Likert","SubSelector":"SingleAnswer","DataVisibility":{"Private":false,"Hidden":false},"Configuration":{"QuestionDescriptionOption":"UseText","TextPosition":"inline","ChoiceColumnWidth":25,"RepeatHeaders":"none","WhiteSpace":"OFF","MobileFirst":true},"QuestionDescription":"Please evaluate the AI Agent's response on the following criteria:","Choices":{"1":{"Display":"The AI Agent's response is clear."},"2":{"Display":"The AI Agent's response is useful."},"3":{"Display":"The AI Agent's response is persuasive."},"4":{"Display":"The AI Agent's response is appropriate."},"5":{"Display":"The AI Agent's response is pushy."}},"ChoiceOrder":[1,2,3,4,5],"Validation":{"Settings":{"ForceResponse":"ON","ForceResponseType":"ON","Type":"None"}},"GradingData":[],"Language":[],"NextChoiceId":6,"NextAnswerId":6,"Answers":{"1":{"Display":"I completely disagree"},"2":{"Display":"&nbsp;"},"3":{"Display":"&nbsp;"},"4":{"Display":"&nbsp;"},"5":{"Display":"I completely agree"}},"AnswerOrder":[1,2,3,4,5],"ChoiceDataExportTags":false,"QuestionText_Unsafe":"Please evaluate the AI Agent's response on the following criteria:","DataExportTag":"Q20","QuestionID":"QID20","Randomization":{"Advanced":null,"Type":"All","TotalRandSubset":""}}},{"SurveyID":"SV_8kK7mFtZv8hrwI6","Element":"SQ","PrimaryAttribute":"QID21","SecondaryAttribute":"Please select from the options below the best descriptors of how the advice felt to you. You can...","TertiaryAttribute":null,"Payload":{"QuestionText":"Please select from the options below the best descriptors of how the advice felt to you. You can select as many options as you think are relevant.","DefaultChoices":false,"QuestionType":"MC","Selector":"MAVR","SubSelector":"TX","DataVisibility":{"Private":false,"Hidden":false},"Configuration":{"QuestionDescriptionOption":"UseText"},"QuestionDescription":"Please select from the options below the best descriptors of how the advice felt to you. You can...","Choices":{"1":{"Display":"Kind"},"2":{"Display":"Neutral"},"3":{"Display":"Harsh"},"4":{"Display":"Warm"},"5":{"Display":"Shaming"},"6":{"Display":"Supportive"}},"ChoiceOrder":[1,2,3,4,5,6],"Validation":{"Settings":{"ForceResponse":"ON","ForceResponseType":"ON","Type":"None"}},"GradingData":[],"Language":[],"NextChoiceId":7,"NextAnswerId":1,"QuestionText_Unsafe":"Please select from the options below the best descriptors of how the advice felt to you. You can select as many options as you think are relevant.","DataExportTag":"Q21","QuestionID":"QID21","Randomization":{"Advanced":null,"Type":"All","TotalRandSubset":""}}},{"SurveyID":"SV_8kK7mFtZv8hrwI6","Element":"SQ","PrimaryAttribute":"QID22","SecondaryAttribute":"AI Response: \"Evaluative standard: Fairness and Equality Recommendation: The decision-maker shoul...","TertiaryAttribute":null,"Payload":{"QuestionText":"AI Response:<br>\n<br>\n\"Evaluative standard: Fairness and Equality<br>\nRecommendation: The decision-maker should give \u00a33 to the recipient.<br>\nJustification: This action would result in both individuals having \u00a37 each, promoting fairness and equality in the distribution of funds.\"","DefaultChoices":false,"QuestionType":"DB","Selector":"TB","DataVisibility":{"Private":false,"Hidden":false},"Configuration":{"QuestionDescriptionOption":"UseText"},"QuestionDescription":"AI Response: \"Evaluative standard: Fairness and Equality Recommendation: The decision-maker shoul...","ChoiceOrder":[],"Validation":{"Settings":{"Type":"None"}},"GradingData":[],"Language":[],"NextChoiceId":4,"NextAnswerId":1,"QuestionText_Unsafe":"AI Response:<br><br>\"Evaluative Standard: Fairness\n\nRecommendation: The decision-maker should give \u00a33 to the recipient.\n\nJustification: This will result in both parties having \u00a37, ensuring an equal distribution of resources which aligns with the principle of fairness.\"","DataExportTag":"Q22","QuestionID":"QID22"}},{"SurveyID":"SV_8kK7mFtZv8hrwI6","Element":"SQ","PrimaryAttribute":"QID23","SecondaryAttribute":"Please evaluate the AI Agent's response on the following criteria:","TertiaryAttribute":null,"Payload":{"QuestionText":"Please evaluate the AI Agent's response on the following criteria:","DefaultChoices":false,"QuestionType":"Matrix","Selector":"Likert","SubSelector":"SingleAnswer","DataVisibility":{"Private":false,"Hidden":false},"Configuration":{"QuestionDescriptionOption":"UseText","TextPosition":"inline","ChoiceColumnWidth":25,"RepeatHeaders":"none","WhiteSpace":"OFF","MobileFirst":true},"QuestionDescription":"Please evaluate the AI Agent's response on the following criteria:","Choices":{"1":{"Display":"The AI Agent's response is clear."},"2":{"Display":"The AI Agent's response is useful."},"3":{"Display":"The AI Agent's response is persuasive."},"4":{"Display":"The AI Agent's response is appropriate."},"5":{"Display":"The AI Agent's response is pushy."}},"ChoiceOrder":[1,2,3,4,5],"Validation":{"Settings":{"ForceResponse":"ON","ForceResponseType":"ON","Type":"None"}},"GradingData":[],"Language":[],"NextChoiceId":6,"NextAnswerId":6,"Answers":{"1":{"Display":"I completely disagree"},"2":{"Display":"&nbsp;"},"3":{"Display":"&nbsp;"},"4":{"Display":"&nbsp;"},"5":{"Display":"I completely agree"}},"AnswerOrder":[1,2,3,4,5],"ChoiceDataExportTags":false,"QuestionText_Unsafe":"Please evaluate the AI Agent's response on the following criteria:","DataExportTag":"Q23","QuestionID":"QID23","Randomization":{"Advanced":null,"Type":"All","TotalRandSubset":""}}},{"SurveyID":"SV_8kK7mFtZv8hrwI6","Element":"SQ","PrimaryAttribute":"QID24","SecondaryAttribute":"Please select from the options below the best descriptors of how the advice felt to you. You can...","TertiaryAttribute":null,"Payload":{"QuestionText":"Please select from the options below the best descriptors of how the advice felt to you. You can select as many options as you think are relevant.","DefaultChoices":false,"QuestionType":"MC","Selector":"MAVR","SubSelector":"TX","DataVisibility":{"Private":false,"Hidden":false},"Configuration":{"QuestionDescriptionOption":"UseText"},"QuestionDescription":"Please select from the options below the best descriptors of how the advice felt to you. You can...","Choices":{"1":{"Display":"Kind"},"2":{"Display":"Neutral"},"3":{"Display":"Harsh"},"4":{"Display":"Warm"},"5":{"Display":"Shaming"},"6":{"Display":"Supportive"}},"ChoiceOrder":[1,2,3,4,5,6],"Validation":{"Settings":{"ForceResponse":"ON","ForceResponseType":"ON","Type":"None"}},"GradingData":[],"Language":[],"NextChoiceId":7,"NextAnswerId":1,"QuestionText_Unsafe":"Please select from the options below the best descriptors of how the advice felt to you. You can select as many options as you think are relevant.","DataExportTag":"Q24","QuestionID":"QID24","Randomization":{"Advanced":null,"Type":"All","TotalRandSubset":""}}},{"SurveyID":"SV_8kK7mFtZv8hrwI6","Element":"SQ","PrimaryAttribute":"QID25","SecondaryAttribute":"AI Response: \"Evaluative Standard: Maintain Existing Wealth Disparity Recommendation: The decisio...","TertiaryAttribute":null,"Payload":{"QuestionText":"AI Response:<br \/>\n<br \/>\n&quot;Evaluative Standard: Maintain Existing Wealth Disparity<br \/>\nRecommendation: The decision-maker should not give any money to the recipient.<br \/>\nJustification: This action aligns with the chosen evaluative standard as it maintains the existing wealth disparity, not adding to or subtracting from the recipient&#39;s funds.&quot;","DefaultChoices":false,"QuestionType":"DB","Selector":"TB","DataVisibility":{"Private":false,"Hidden":false},"Configuration":{"QuestionDescriptionOption":"UseText"},"QuestionDescription":"AI Response: \"Evaluative Standard: Maintain Existing Wealth Disparity Recommendation: The decisio...","ChoiceOrder":[],"Validation":{"Settings":{"Type":"None"}},"GradingData":[],"Language":[],"NextChoiceId":4,"NextAnswerId":1,"QuestionText_Unsafe":"AI Response:<br><br>\"Evaluative standard: Fairness and Equality \n\nRecommendation: The decision-maker should give \u00a33 to the recipient.\n\nJustification: This action would result in both individuals having \u00a37 each, promoting fairness and equality in the distribution of funds.\"","DataExportTag":"Q25","QuestionID":"QID25"}},{"SurveyID":"SV_8kK7mFtZv8hrwI6","Element":"SQ","PrimaryAttribute":"QID26","SecondaryAttribute":"Please evaluate the AI Agent's response on the following criteria:","TertiaryAttribute":null,"Payload":{"QuestionText":"Please evaluate the AI Agent's response on the following criteria:","DefaultChoices":false,"QuestionType":"Matrix","Selector":"Likert","SubSelector":"SingleAnswer","DataVisibility":{"Private":false,"Hidden":false},"Configuration":{"QuestionDescriptionOption":"UseText","TextPosition":"inline","ChoiceColumnWidth":25,"RepeatHeaders":"none","WhiteSpace":"OFF","MobileFirst":true},"QuestionDescription":"Please evaluate the AI Agent's response on the following criteria:","Choices":{"1":{"Display":"The AI Agent's response is clear."},"2":{"Display":"The AI Agent's response is useful."},"3":{"Display":"The AI Agent's response is persuasive."},"4":{"Display":"The AI Agent's response is appropriate."},"5":{"Display":"The AI Agent's response is pushy."}},"ChoiceOrder":[1,2,3,4,5],"Validation":{"Settings":{"ForceResponse":"ON","ForceResponseType":"ON","Type":"None"}},"GradingData":[],"Language":[],"NextChoiceId":6,"NextAnswerId":6,"Answers":{"1":{"Display":"I completely disagree"},"2":{"Display":"&nbsp;"},"3":{"Display":"&nbsp;"},"4":{"Display":"&nbsp;"},"5":{"Display":"I completely agree"}},"AnswerOrder":[1,2,3,4,5],"ChoiceDataExportTags":false,"QuestionText_Unsafe":"Please evaluate the AI Agent's response on the following criteria:","DataExportTag":"Q26","QuestionID":"QID26","Randomization":{"Advanced":null,"Type":"All","TotalRandSubset":""}}},{"SurveyID":"SV_8kK7mFtZv8hrwI6","Element":"SQ","PrimaryAttribute":"QID27","SecondaryAttribute":"Please select from the options below the best descriptors of how the advice felt to you. You can...","TertiaryAttribute":null,"Payload":{"QuestionText":"Please select from the options below the best descriptors of how the advice felt to you. You can select as many options as you think are relevant.","DefaultChoices":false,"QuestionType":"MC","Selector":"MAVR","SubSelector":"TX","DataVisibility":{"Private":false,"Hidden":false},"Configuration":{"QuestionDescriptionOption":"UseText"},"QuestionDescription":"Please select from the options below the best descriptors of how the advice felt to you. You can...","Choices":{"1":{"Display":"Kind"},"2":{"Display":"Neutral"},"3":{"Display":"Harsh"},"4":{"Display":"Warm"},"5":{"Display":"Shaming"},"6":{"Display":"Supportive"}},"ChoiceOrder":[1,2,3,4,5,6],"Validation":{"Settings":{"ForceResponse":"ON","ForceResponseType":"ON","Type":"None"}},"GradingData":[],"Language":[],"NextChoiceId":7,"NextAnswerId":1,"QuestionText_Unsafe":"Please select from the options below the best descriptors of how the advice felt to you. You can select as many options as you think are relevant.","DataExportTag":"Q27","QuestionID":"QID27","Randomization":{"Advanced":null,"Type":"All","TotalRandSubset":""}}},{"SurveyID":"SV_8kK7mFtZv8hrwI6","Element":"SQ","PrimaryAttribute":"QID28","SecondaryAttribute":"AI Response: \"Evaluative Standard: Maximizing the decision-maker's wealth. Recommendation: The de...","TertiaryAttribute":null,"Payload":{"QuestionText":"AI Response:<br \/>\n<br \/>\n&quot;Evaluative Standard: Maximizing the decision-maker&#39;s wealth.<br \/>\nRecommendation: The decision-maker should take &pound;4 from the recipient.<br \/>\nJustification: Since the goal is to maximise the decision-maker&#39;s wealth, extracting the maximum possible amount from the recipient will result in the decision-maker having &pound;14, which is the highest achievable.&quot;","DefaultChoices":false,"QuestionType":"DB","Selector":"TB","DataVisibility":{"Private":false,"Hidden":false},"Configuration":{"QuestionDescriptionOption":"UseText"},"QuestionDescription":"AI Response: \"Evaluative Standard: Maximizing the decision-maker's wealth. Recommendation: The de...","ChoiceOrder":[],"Validation":{"Settings":{"Type":"None"}},"GradingData":[],"Language":[],"NextChoiceId":4,"NextAnswerId":1,"QuestionText_Unsafe":"AI Response:<br><br>\"Evaluative Standard: Maintain Existing Wealth Disparity\n\nRecommendation: The decision-maker should not give any money to the recipient. \n\nJustification: This action aligns with the chosen evaluative standard as it maintains the existing wealth disparity, not adding to or subtracting from the recipient's funds.\"<br>","DataExportTag":"Q28","QuestionID":"QID28"}},{"SurveyID":"SV_8kK7mFtZv8hrwI6","Element":"SQ","PrimaryAttribute":"QID29","SecondaryAttribute":"Please evaluate the AI Agent's response on the following criteria:","TertiaryAttribute":null,"Payload":{"QuestionText":"Please evaluate the AI Agent's response on the following criteria:","DefaultChoices":false,"QuestionType":"Matrix","Selector":"Likert","SubSelector":"SingleAnswer","DataVisibility":{"Private":false,"Hidden":false},"Configuration":{"QuestionDescriptionOption":"UseText","TextPosition":"inline","ChoiceColumnWidth":25,"RepeatHeaders":"none","WhiteSpace":"OFF","MobileFirst":true},"QuestionDescription":"Please evaluate the AI Agent's response on the following criteria:","Choices":{"1":{"Display":"The AI Agent's response is clear."},"2":{"Display":"The AI Agent's response is useful."},"3":{"Display":"The AI Agent's response is persuasive."},"4":{"Display":"The AI Agent's response is appropriate."},"5":{"Display":"The AI Agent's response is pushy."}},"ChoiceOrder":[1,2,3,4,5],"Validation":{"Settings":{"ForceResponse":"ON","ForceResponseType":"ON","Type":"None"}},"GradingData":[],"Language":[],"NextChoiceId":6,"NextAnswerId":6,"Answers":{"1":{"Display":"I completely disagree"},"2":{"Display":"&nbsp;"},"3":{"Display":"&nbsp;"},"4":{"Display":"&nbsp;"},"5":{"Display":"I completely agree"}},"AnswerOrder":[1,2,3,4,5],"ChoiceDataExportTags":false,"QuestionText_Unsafe":"Please evaluate the AI Agent's response on the following criteria:","DataExportTag":"Q29","QuestionID":"QID29","Randomization":{"Advanced":null,"Type":"All","TotalRandSubset":""}}},{"SurveyID":"SV_8kK7mFtZv8hrwI6","Element":"SQ","PrimaryAttribute":"QID3","SecondaryAttribute":"Experimental Instructions (1) Welcome to the experiment. Please read these instructions carefully...","TertiaryAttribute":null,"Payload":{"QuestionText":"<strong><span style=\"font-size:19px;\">Experimental Instructions (1)<\/span><\/strong><br>\n<br>\nWelcome to the experiment. Please read these instructions carefully, as your payment from taking part in this experiment will depend on the decisions you and other people in the room take. It is important therefore that you have a good understanding of the rules of the experiment.<br>\n<br>\nIn this experiment, you will be paired with a different person who is in another room. You will not be told who you are matched with during or after the experiment, and they will not be told who you are either during or after the experiment.<br>\n<br>\nYou will notice that there are other people in the same room with you who are also participating in the experiment. You will not be paired with any of these people. The decisions that they make will have absolutely no effect on you, nor will any of your decisions affect them. Most importantly, your decisions will be strictly anonymous and cannot be linked to you in any way.","DefaultChoices":false,"DataExportTag":"Introduction (1)","QuestionType":"DB","Selector":"TB","DataVisibility":{"Private":false,"Hidden":false},"Configuration":{"QuestionDescriptionOption":"UseText"},"QuestionDescription":"Experimental Instructions (1) Welcome to the experiment. Please read these instructions carefully...","ChoiceOrder":[],"Validation":{"Settings":{"Type":"None"}},"GradingData":[],"Language":[],"NextChoiceId":9,"NextAnswerId":1,"QuestionID":"QID3"}},{"SurveyID":"SV_8kK7mFtZv8hrwI6","Element":"SQ","PrimaryAttribute":"QID30","SecondaryAttribute":"Please select from the options below the best descriptors of how the advice felt to you. You can...","TertiaryAttribute":null,"Payload":{"QuestionText":"Please select from the options below the best descriptors of how the advice felt to you. You can select as many options as you think are relevant.","DefaultChoices":false,"QuestionType":"MC","Selector":"MAVR","SubSelector":"TX","DataVisibility":{"Private":false,"Hidden":false},"Configuration":{"QuestionDescriptionOption":"UseText"},"QuestionDescription":"Please select from the options below the best descriptors of how the advice felt to you. You can...","Choices":{"1":{"Display":"Kind"},"2":{"Display":"Neutral"},"3":{"Display":"Harsh"},"4":{"Display":"Warm"},"5":{"Display":"Shaming"},"6":{"Display":"Supportive"}},"ChoiceOrder":[1,2,3,4,5,6],"Validation":{"Settings":{"ForceResponse":"ON","ForceResponseType":"ON","Type":"None"}},"GradingData":[],"Language":[],"NextChoiceId":7,"NextAnswerId":1,"QuestionText_Unsafe":"Please select from the options below the best descriptors of how the advice felt to you. You can select as many options as you think are relevant.","DataExportTag":"Q30","QuestionID":"QID30","Randomization":{"Advanced":null,"Type":"All","TotalRandSubset":""}}},{"SurveyID":"SV_8kK7mFtZv8hrwI6","Element":"SQ","PrimaryAttribute":"QID31","SecondaryAttribute":"Click to write the question text","TertiaryAttribute":null,"Payload":{"QuestionText":"Click to write the question text","DefaultChoices":false,"DataExportTag":"Q28","QuestionID":"QID31","QuestionType":"DB","Selector":"TB","DataVisibility":{"Private":false,"Hidden":false},"Configuration":{"QuestionDescriptionOption":"UseText"},"QuestionDescription":"Click to write the question text","ChoiceOrder":[],"Validation":{"Settings":{"Type":"None"}},"GradingData":[],"Language":[],"NextChoiceId":4,"NextAnswerId":1}},{"SurveyID":"SV_8kK7mFtZv8hrwI6","Element":"SQ","PrimaryAttribute":"QID32","SecondaryAttribute":"Before submitting your final allocation decision, imagine you have the opportunity to consult an...","TertiaryAttribute":null,"Payload":{"QuestionText":"Before submitting your final allocation decision, imagine you have the opportunity to consult an AI agent (e.g., ChatGPT, Claude, Gemini). Consider the following question asking what it would do in your position.","DefaultChoices":false,"DataExportTag":"Q7","QuestionType":"DB","Selector":"GRB","SubSelector":"WTXB","DataVisibility":{"Private":false,"Hidden":false},"Configuration":{"QuestionDescriptionOption":"UseText"},"QuestionDescription":"Before submitting your final allocation decision, imagine you have the opportunity to consult an...","ChoiceOrder":[],"Validation":{"Settings":{"Type":"None"}},"GradingData":[],"Language":[],"NextChoiceId":4,"NextAnswerId":1,"Graphics":"IM_LvGe0PZ6VPyRIK1","GraphicsDescription":"Screenshot 2026 04 08 at 16.32.19","QuestionID":"QID32"}},{"SurveyID":"SV_8kK7mFtZv8hrwI6","Element":"SQ","PrimaryAttribute":"QID33","SecondaryAttribute":"Imagine a scenario where you are asked to allocate an amount of money between yourself and anothe...","TertiaryAttribute":null,"Payload":{"QuestionText":"Imagine a scenario where you are asked to allocate an amount of money between yourself and another (anonymous) participant of this study. <br><br>You are assigned \u00a310 and the other participant is assigned \u00a34. <br><br>You can give any amount from your \u00a310 to the other participant or take any amount from the other participant's \u00a34.","DefaultChoices":false,"DataExportTag":"Q3","QuestionID":"QID33","QuestionType":"DB","Selector":"TB","DataVisibility":{"Private":false,"Hidden":false},"Configuration":{"QuestionDescriptionOption":"UseText"},"QuestionDescription":"Imagine a scenario where you are asked to allocate an amount of money between yourself and anothe...","ChoiceOrder":[],"Validation":{"Settings":{"Type":"None"}},"GradingData":[],"Language":[],"NextChoiceId":4,"NextAnswerId":1}},{"SurveyID":"SV_8kK7mFtZv8hrwI6","Element":"SQ","PrimaryAttribute":"QID34","SecondaryAttribute":"We will now ask you two questions to ensure you understood the instructions. Remember that you wi...","TertiaryAttribute":null,"Payload":{"QuestionText":"We will now ask you two questions to ensure you understood the instructions. Remember that you will receive \u00a30.50 for each question you answer correctly <strong>at the first attempt<\/strong>.","DefaultChoices":false,"DataExportTag":"Q4","QuestionType":"DB","Selector":"TB","DataVisibility":{"Private":false,"Hidden":false},"Configuration":{"QuestionDescriptionOption":"UseText"},"QuestionDescription":"We will now ask you two questions to ensure you understood the instructions. Remember that you wi...","ChoiceOrder":[],"Validation":{"Settings":{"Type":"None"}},"GradingData":[],"Language":[],"NextChoiceId":4,"NextAnswerId":1,"QuestionID":"QID34"}},{"SurveyID":"SV_8kK7mFtZv8hrwI6","Element":"SQ","PrimaryAttribute":"QID35","SecondaryAttribute":"1) What is the most you can take from the other participant?","TertiaryAttribute":null,"Payload":{"QuestionText":"1) What is the most you can <b>take<\/b> from the other participant?","DefaultChoices":false,"DataExportTag":"Q5","QuestionType":"MC","Selector":"SAVR","SubSelector":"TX","DataVisibility":{"Private":false,"Hidden":false},"Configuration":{"QuestionDescriptionOption":"UseText"},"QuestionDescription":"1) What is the most you can take from the other participant?","Choices":{"1":{"Display":"\u00a30"},"2":{"Display":"\u00a34"},"3":{"Display":"\u00a310"}},"ChoiceOrder":["1","2","3"],"Validation":{"Settings":{"ForceResponse":"ON","ForceResponseType":"ON","Type":"CustomValidation","CustomValidation":{"Logic":{"0":{"0":{"ChoiceLocator":"q:\/\/QID35\/SelectableChoice\/2","Description":"<span class=\"ConjDesc\">If<\/span> <span class=\"QuestionDesc\">What is the most you can take from the other participant?<\/span> <span class=\"LeftOpDesc\">\u00a34<\/span> <span class=\"OpDesc\">Is Selected<\/span> ","LeftOperand":"q:\/\/QID35\/SelectableChoice\/2","LogicType":"Question","Operator":"Selected","QuestionID":"QID35","QuestionIDFromLocator":"QID35","QuestionIsInLoop":"no","Type":"Expression"},"Type":"If"},"Type":"BooleanExpression"},"Message":{"description":"Wrong answer","libraryID":"UR_9EPXp2udhtAetBY","messageID":"MS_9gecsubQ2LyWslD","subMessageID":"VE_CUSTOM_VALIDATION_0"}}}},"GradingData":[],"Language":[],"NextChoiceId":4,"NextAnswerId":1,"QuestionID":"QID35","QuestionJS":"Qualtrics.SurveyEngine.addOnReady(function() {\n  var that = this;\n  jQuery(\"#NextButton\").on(\"click\", function() {\n    var attempts = parseInt(Qualtrics.SurveyEngine.getEmbeddedData(\"attempts_take\")) || 0;\n    attempts++;\n    Qualtrics.SurveyEngine.setEmbeddedData(\"attempts_take\", attempts);\n  });\n});"}},{"SurveyID":"SV_8kK7mFtZv8hrwI6","Element":"SQ","PrimaryAttribute":"QID36","SecondaryAttribute":"2) What is the least you can give\u00a0to the other\u00a0participant?\u00a0","TertiaryAttribute":null,"Payload":{"QuestionText":"2) What is the least you can <b>give<\/b>&nbsp;to the other&nbsp;participant?&nbsp;","DefaultChoices":false,"DataExportTag":"Q6","QuestionType":"MC","Selector":"SAVR","SubSelector":"TX","DataVisibility":{"Private":false,"Hidden":false},"Configuration":{"QuestionDescriptionOption":"UseText"},"QuestionDescription":"2) What is the least you can give\u00a0to the other\u00a0participant?\u00a0","Choices":{"1":{"Display":"\u00a30"},"2":{"Display":"\u00a34"},"3":{"Display":"\u00a310"}},"ChoiceOrder":["1","2","3"],"Validation":{"Settings":{"ForceResponse":"ON","ForceResponseType":"ON","Type":"CustomValidation","CustomValidation":{"Logic":{"0":{"0":{"ChoiceLocator":"q:\/\/QID36\/SelectableChoice\/1","Description":"<span class=\"ConjDesc\">If<\/span> <span class=\"QuestionDesc\">What is the least you can give&nbsp;to the other&nbsp;participant?&nbsp;<\/span> <span class=\"LeftOpDesc\">\u00a30<\/span> <span class=\"OpDesc\">Is Selected<\/span> ","LeftOperand":"q:\/\/QID36\/SelectableChoice\/1","LogicType":"Question","Operator":"Selected","QuestionID":"QID36","QuestionIDFromLocator":"QID36","QuestionIsInLoop":"no","Type":"Expression"},"Type":"If"},"Type":"BooleanExpression"},"Message":{"description":"Wrong answer","libraryID":"UR_9EPXp2udhtAetBY","messageID":"MS_9gecsubQ2LyWslD","subMessageID":"VE_CUSTOM_VALIDATION_0"}}}},"GradingData":[],"Language":[],"NextChoiceId":4,"NextAnswerId":1,"QuestionID":"QID36","QuestionJS":"Qualtrics.SurveyEngine.addOnReady(function() {\n  var that = this;\n  jQuery(\"#NextButton\").on(\"click\", function() {\n    var attempts_g = parseInt(Qualtrics.SurveyEngine.getEmbeddedData(\"attempts_give\")) || 0;\n    attempts_g++;\n    Qualtrics.SurveyEngine.setEmbeddedData(\"attempts_give\", attempts_g);\n  });\n});"}},{"SurveyID":"SV_8kK7mFtZv8hrwI6","Element":"SQ","PrimaryAttribute":"QID37","SecondaryAttribute":"How likely are you to revise your allocation decision after reading this answer from the AI agent?","TertiaryAttribute":null,"Payload":{"QuestionText":"How likely are you to revise your allocation decision after reading this answer from the AI agent?","DefaultChoices":false,"DataExportTag":"Q34","QuestionType":"MC","Selector":"SAVR","SubSelector":"TX","DataVisibility":{"Private":false,"Hidden":false},"Configuration":{"QuestionDescriptionOption":"UseText","Autoscale":{"YScale":{"Name":"likelyUnlikely","Type":"likert","Reverse":false}}},"QuestionDescription":"How likely are you to revise your allocation decision after reading this answer from the AI agent?","Choices":{"1":{"Display":"Extremely unlikely"},"2":{"Display":"Somewhat unlikely"},"3":{"Display":"Neither likely nor unlikely"},"4":{"Display":"Somewhat likely"},"5":{"Display":"Extremely likely"}},"ChoiceOrder":["1","2","3","4","5"],"Validation":{"Settings":{"ForceResponse":"ON","ForceResponseType":"ON","Type":"None"}},"GradingData":[],"Language":[],"NextChoiceId":6,"NextAnswerId":1,"QuestionID":"QID37"}},{"SurveyID":"SV_8kK7mFtZv8hrwI6","Element":"SQ","PrimaryAttribute":"QID38","SecondaryAttribute":"How likely are you to revise your allocation decision after reading this answer from the AI agent?","TertiaryAttribute":null,"Payload":{"QuestionText":"How likely are you to revise your allocation decision after reading this answer from the AI agent?","DefaultChoices":false,"DataExportTag":"Q35","QuestionType":"MC","Selector":"SAVR","SubSelector":"TX","DataVisibility":{"Private":false,"Hidden":false},"Configuration":{"QuestionDescriptionOption":"UseText","Autoscale":{"YScale":{"Name":"likelyUnlikely","Type":"likert","Reverse":false}}},"QuestionDescription":"How likely are you to revise your allocation decision after reading this answer from the AI agent?","Choices":{"1":{"Display":"Extremely unlikely"},"2":{"Display":"Somewhat unlikely"},"3":{"Display":"Neither likely nor unlikely"},"4":{"Display":"Somewhat likely"},"5":{"Display":"Extremely likely"}},"ChoiceOrder":["1","2","3","4","5"],"Validation":{"Settings":{"ForceResponse":"ON","ForceResponseType":"ON","Type":"None"}},"GradingData":[],"Language":[],"NextChoiceId":6,"NextAnswerId":1,"QuestionID":"QID38"}},{"SurveyID":"SV_8kK7mFtZv8hrwI6","Element":"SQ","PrimaryAttribute":"QID39","SecondaryAttribute":"How likely are you to revise your allocation decision after reading this answer from the AI agent?","TertiaryAttribute":null,"Payload":{"QuestionText":"How likely are you to revise your allocation decision after reading this answer from the AI agent?","DefaultChoices":false,"DataExportTag":"Q36","QuestionType":"MC","Selector":"SAVR","SubSelector":"TX","DataVisibility":{"Private":false,"Hidden":false},"Configuration":{"QuestionDescriptionOption":"UseText","Autoscale":{"YScale":{"Name":"likelyUnlikely","Type":"likert","Reverse":false}}},"QuestionDescription":"How likely are you to revise your allocation decision after reading this answer from the AI agent?","Choices":{"1":{"Display":"Extremely unlikely"},"2":{"Display":"Somewhat unlikely"},"3":{"Display":"Neither likely nor unlikely"},"4":{"Display":"Somewhat likely"},"5":{"Display":"Extremely likely"}},"ChoiceOrder":["1","2","3","4","5"],"Validation":{"Settings":{"ForceResponse":"ON","ForceResponseType":"ON","Type":"None"}},"GradingData":[],"Language":[],"NextChoiceId":6,"NextAnswerId":1,"QuestionID":"QID39"}},{"SurveyID":"SV_8kK7mFtZv8hrwI6","Element":"SQ","PrimaryAttribute":"QID4","SecondaryAttribute":"Experimental Instructions (2) You are in room A. Everyone in room A has been provisionally alloca...","TertiaryAttribute":null,"Payload":{"QuestionText":"<span style=\"font-size:19px;\"><b>Experimental Instructions (2)<\/b><\/span><br>\n<br>\nYou are in room A. Everyone in room A has been provisionally allocated \u00a310.&nbsp;Everyone in room B have been provisionally allocated \u00a34.<br>\n<br>\nYour decision is a simple one: decide what portion, if any, of these \u00a310 to transfer to a person in room B. You can also transfer a negative amount: i.e., you can take up to \u00a34 from a person in room B. Thus, your transfer choice can be anywhere from \u2013\u00a34 to \u00a310 in \u00a31 increments. Your take-home earnings from this experiment will be your \u00a35 completion fee plus the money from this choice exercise. Likewise, the earnings of the person in room B will be their \u00a35 completion fee plus the money from this exercise. Move the slider below to decide what to transfer to the person in room B:<br>\n<br>\n-&nbsp;Moving the slider to the <b>left<\/b> will give <b>you more money<\/b> and less to the other person.<br>\n- Moving the slider to the <b>right<\/b> will give <b>more money to the other person<\/b> and less to you.<br>\n<br>\n&nbsp;","DefaultChoices":false,"DataExportTag":"Instructions (2)","QuestionID":"QID4","QuestionType":"DB","Selector":"TB","DataVisibility":{"Private":false,"Hidden":false},"Configuration":{"QuestionDescriptionOption":"UseText"},"QuestionDescription":"Experimental Instructions (2) You are in room A. Everyone in room A has been provisionally alloca...","ChoiceOrder":[],"Validation":{"Settings":{"Type":"None"}},"GradingData":[],"Language":[],"NextChoiceId":9,"NextAnswerId":1}},{"SurveyID":"SV_8kK7mFtZv8hrwI6","Element":"SQ","PrimaryAttribute":"QID40","SecondaryAttribute":"How likely are you to revise your allocation decision after reading this answer from the AI agent?","TertiaryAttribute":null,"Payload":{"QuestionText":"How likely are you to revise your allocation decision after reading this answer from the AI agent?","DefaultChoices":false,"DataExportTag":"Q37","QuestionType":"MC","Selector":"SAVR","SubSelector":"TX","DataVisibility":{"Private":false,"Hidden":false},"Configuration":{"QuestionDescriptionOption":"UseText","Autoscale":{"YScale":{"Name":"likelyUnlikely","Type":"likert","Reverse":false}}},"QuestionDescription":"How likely are you to revise your allocation decision after reading this answer from the AI agent?","Choices":{"1":{"Display":"Extremely unlikely"},"2":{"Display":"Somewhat unlikely"},"3":{"Display":"Neither likely nor unlikely"},"4":{"Display":"Somewhat likely"},"5":{"Display":"Extremely likely"}},"ChoiceOrder":["1","2","3","4","5"],"Validation":{"Settings":{"ForceResponse":"ON","ForceResponseType":"ON","Type":"None"}},"GradingData":[],"Language":[],"NextChoiceId":6,"NextAnswerId":1,"QuestionID":"QID40"}},{"SurveyID":"SV_8kK7mFtZv8hrwI6","Element":"SQ","PrimaryAttribute":"QID41","SecondaryAttribute":"How likely are you to revise your allocation decision after reading this answer from the AI agent?","TertiaryAttribute":null,"Payload":{"QuestionText":"How likely are you to revise your allocation decision after reading this answer from the AI agent?","DefaultChoices":false,"DataExportTag":"Q38","QuestionType":"MC","Selector":"SAVR","SubSelector":"TX","DataVisibility":{"Private":false,"Hidden":false},"Configuration":{"QuestionDescriptionOption":"UseText","Autoscale":{"YScale":{"Name":"likelyUnlikely","Type":"likert","Reverse":false}}},"QuestionDescription":"How likely are you to revise your allocation decision after reading this answer from the AI agent?","Choices":{"1":{"Display":"Extremely unlikely"},"2":{"Display":"Somewhat unlikely"},"3":{"Display":"Neither likely nor unlikely"},"4":{"Display":"Somewhat likely"},"5":{"Display":"Extremely likely"}},"ChoiceOrder":["1","2","3","4","5"],"Validation":{"Settings":{"ForceResponse":"ON","ForceResponseType":"ON","Type":"None"}},"GradingData":[],"Language":[],"NextChoiceId":6,"NextAnswerId":1,"QuestionID":"QID41"}},{"SurveyID":"SV_8kK7mFtZv8hrwI6","Element":"SQ","PrimaryAttribute":"QID42","SecondaryAttribute":"In all three responses the AI agent suggested the following recommendation: \"The decision-maker s...","TertiaryAttribute":null,"Payload":{"QuestionText":"In all three responses the AI agent suggested the following recommendation: \"The decision-maker should give \u00a33 to the recipient.\".<br>\n<br>\nIt also provided three different evaluative standards and three different justifications supporting this recommendation.&nbsp;<br>\n&nbsp;","DefaultChoices":false,"DataExportTag":"Q39","QuestionType":"DB","Selector":"TB","DataVisibility":{"Private":false,"Hidden":false},"Configuration":{"QuestionDescriptionOption":"UseText"},"QuestionDescription":"In all three responses the AI agent suggested the following recommendation: \"The decision-maker s...","ChoiceOrder":[],"Validation":{"Settings":{"Type":"None"}},"GradingData":[],"Language":[],"NextChoiceId":4,"NextAnswerId":1,"QuestionID":"QID42"}},{"SurveyID":"SV_8kK7mFtZv8hrwI6","Element":"SQ","PrimaryAttribute":"QID43","SecondaryAttribute":"Given the recommendation of giving 3 to the recipient, which evaluative standard is more likely to?","TertiaryAttribute":null,"Payload":{"QuestionText":"Given the recommendation of giving 3 to the recipient, which evaluative standard is more likely to?","DefaultChoices":false,"DataExportTag":"Q40","QuestionType":"MC","Selector":"SAVR","SubSelector":"TX","DataVisibility":{"Private":false,"Hidden":false},"Configuration":{"QuestionDescriptionOption":"UseText"},"QuestionDescription":"Given the recommendation of giving 3 to the recipient, which evaluative standard is more likely to?","Choices":{"1":{"Display":"Equality"},"2":{"Display":"Fairness"},"3":{"Display":"Fairness and Equality"}},"ChoiceOrder":[1,2,3],"Validation":{"Settings":{"ForceResponse":"OFF","Type":"None"}},"GradingData":[],"Language":[],"NextChoiceId":4,"NextAnswerId":1,"QuestionID":"QID43"}},{"SurveyID":"SV_8kK7mFtZv8hrwI6","Element":"SQ","PrimaryAttribute":"QID44","SecondaryAttribute":"Click to write the question text","TertiaryAttribute":null,"Payload":{"QuestionText":"Click to write the question text","DefaultChoices":false,"DataExportTag":"Q41","QuestionType":"Matrix","Selector":"Likert","SubSelector":"SingleAnswer","DataVisibility":{"Private":false,"Hidden":false},"Configuration":{"QuestionDescriptionOption":"UseText","TextPosition":"inline","ChoiceColumnWidth":25,"RepeatHeaders":"none","WhiteSpace":"OFF","MobileFirst":true},"QuestionDescription":"Click to write the question text","Choices":{"1":{"Display":"Click to write Statement 1"},"2":{"Display":"Click to write Statement 2"},"3":{"Display":"Click to write Statement 3"}},"ChoiceOrder":["1","2","3"],"Validation":{"Settings":{"ForceResponse":"OFF","Type":"None"}},"GradingData":[],"Language":[],"NextChoiceId":4,"NextAnswerId":3,"Answers":{"1":{"Display":"Click to write Scale Point 2"},"2":{"Display":"Click to write Scale Point 3"}},"AnswerOrder":[1,2],"ChoiceDataExportTags":false,"QuestionID":"QID44"}},{"SurveyID":"SV_8kK7mFtZv8hrwI6","Element":"SQ","PrimaryAttribute":"QID45","SecondaryAttribute":"The Evaluative standard 1: Fairness","TertiaryAttribute":null,"Payload":{"QuestionText":"The Evaluative standard 1: Fairness","DefaultChoices":false,"DataExportTag":"Q42","QuestionID":"QID45","QuestionType":"DB","Selector":"TB","DataVisibility":{"Private":false,"Hidden":false},"Configuration":{"QuestionDescriptionOption":"UseText"},"QuestionDescription":"The Evaluative standard 1: Fairness","ChoiceOrder":[],"Validation":{"Settings":{"Type":"None"}},"GradingData":[],"Language":[],"NextChoiceId":4,"NextAnswerId":1}},{"SurveyID":"SV_8kK7mFtZv8hrwI6","Element":"SQ","PrimaryAttribute":"QID46","SecondaryAttribute":"The recommendation is based on a standard I care about","TertiaryAttribute":null,"Payload":{"QuestionText":"The recommendation is based on a standard I care about<br>","DefaultChoices":false,"DataExportTag":"Q43","QuestionType":"MC","Selector":"SAVR","SubSelector":"TX","DataVisibility":{"Private":false,"Hidden":false},"Configuration":{"QuestionDescriptionOption":"UseText"},"QuestionDescription":"The recommendation is based on a standard I care about","Choices":{"1":{"Display":"Click to write Choice 1"},"2":{"Display":"Click to write Choice 2"},"3":{"Display":"Click to write Choice 3"}},"ChoiceOrder":["1","2","3"],"Validation":{"Settings":{"ForceResponse":"OFF","Type":"None"}},"GradingData":[],"Language":[],"NextChoiceId":4,"NextAnswerId":1,"QuestionID":"QID46"}},{"SurveyID":"SV_8kK7mFtZv8hrwI6","Element":"SQ","PrimaryAttribute":"QID47","SecondaryAttribute":"To what extent do you agree or disagree to the following statements?","TertiaryAttribute":null,"Payload":{"QuestionText":"To what extent do you agree or disagree to the following statements?<br>","DefaultChoices":false,"DataExportTag":"advice_equal\u00a0","QuestionType":"Matrix","Selector":"Likert","SubSelector":"SingleAnswer","DataVisibility":{"Private":false,"Hidden":false},"Configuration":{"QuestionDescriptionOption":"UseText","TextPosition":"inline","ChoiceColumnWidth":25,"RepeatHeaders":"none","WhiteSpace":"OFF","MobileFirst":true,"Autoscale":{"XScale":{"Name":"agreeDisagree","Type":"likert","Reverse":false}}},"QuestionDescription":"To what extent do you agree or disagree to the following statements?","Choices":{"1":{"Display":"The recommendation is based on a standard that matters to me"},"2":{"Display":"The reasoning behind this recommendation makes sense to me"},"3":{"Display":"After reading this response, I feel more inclined to revise my allocation decision"}},"ChoiceOrder":["1","2","3"],"Validation":{"Settings":{"ForceResponse":"ON","ForceResponseType":"ON","Type":"None"}},"GradingData":[],"Language":[],"NextChoiceId":4,"NextAnswerId":6,"Answers":{"1":{"Display":"Strongly disagree"},"2":{"Display":"Somewhat disagree"},"3":{"Display":"Neither agree nor disagree"},"4":{"Display":"Somewhat agree"},"5":{"Display":"Strongly agree"}},"AnswerOrder":[1,2,3,4,5],"ChoiceDataExportTags":false,"QuestionID":"QID47"}},{"SurveyID":"SV_8kK7mFtZv8hrwI6","Element":"SQ","PrimaryAttribute":"QID48","SecondaryAttribute":"Evaluative Standard: Equality Justification: By giving \u00a33 to the recipient, both the decision-mak..","TertiaryAttribute":null,"Payload":{"QuestionText":"Evaluative Standard: Equality <br><br>Justification: By giving \u00a33 to the recipient, both the decision-maker and the recipient will have \u00a37 each. This upholds the principle of equality by ensuring both parties have equal amounts of money.<br>","DefaultChoices":false,"DataExportTag":"Q9","QuestionType":"DB","Selector":"TB","DataVisibility":{"Private":false,"Hidden":false},"Configuration":{"QuestionDescriptionOption":"UseText"},"QuestionDescription":"Evaluative Standard: Equality Justification: By giving \u00a33 to the recipient, both the decision-mak...","ChoiceOrder":[],"Validation":{"Settings":{"Type":"None"}},"GradingData":[],"Language":[],"NextChoiceId":4,"NextAnswerId":1,"QuestionID":"QID48"}},{"SurveyID":"SV_8kK7mFtZv8hrwI6","Element":"SQ","PrimaryAttribute":"QID49","SecondaryAttribute":"Evaluative Standard: Fairness\u00a0 Justification: This will result in both parties having \u00a37, ensurin.","TertiaryAttribute":null,"Payload":{"QuestionText":"Evaluative Standard: Fairness&nbsp;<br><br>Justification: This will result in both parties having \u00a37, ensuring an equal distribution of resources which aligns with the principle of fairness<br>","DefaultChoices":false,"QuestionType":"DB","Selector":"TB","DataVisibility":{"Private":false,"Hidden":false},"Configuration":{"QuestionDescriptionOption":"UseText"},"QuestionDescription":"Evaluative Standard: Fairness\u00a0 Justification: This will result in both parties having \u00a37, ensurin...","ChoiceOrder":[],"Validation":{"Settings":{"Type":"None"}},"GradingData":[],"Language":[],"NextChoiceId":4,"NextAnswerId":1,"QuestionText_Unsafe":"The first response from the AI agent showed the following standard and justification.<br><br>Evaluative Standard: Equality <br><br>Justification: By giving \u00a33 to the recipient, both the decision-maker and the recipient will have \u00a37 each. This upholds the principle of equality by ensuring both parties have equal amounts of money.<br>","DataExportTag":"Q10","QuestionID":"QID49"}},{"SurveyID":"SV_8kK7mFtZv8hrwI6","Element":"SQ","PrimaryAttribute":"QID50","SecondaryAttribute":"To what extent do you agree or disagree to the following statements?","TertiaryAttribute":null,"Payload":{"QuestionText":"To what extent do you agree or disagree to the following statements?<br>","DefaultChoices":false,"QuestionType":"Matrix","Selector":"Likert","SubSelector":"SingleAnswer","DataVisibility":{"Private":false,"Hidden":false},"Configuration":{"QuestionDescriptionOption":"UseText","TextPosition":"inline","ChoiceColumnWidth":25,"RepeatHeaders":"none","WhiteSpace":"OFF","MobileFirst":true,"Autoscale":{"XScale":{"Name":"agreeDisagree","Type":"likert","Reverse":false}}},"QuestionDescription":"To what extent do you agree or disagree to the following statements?","Choices":{"1":{"Display":"The recommendation is based on a standard that matters to me"},"2":{"Display":"The reasoning behind this recommendation makes sense to me"},"3":{"Display":"After reading this response, I feel more inclined to revise my allocation decision"}},"ChoiceOrder":["1","2","3"],"Validation":{"Settings":{"ForceResponse":"ON","ForceResponseType":"ON","Type":"None"}},"GradingData":[],"Language":[],"NextChoiceId":4,"NextAnswerId":6,"Answers":{"1":{"Display":"Strongly disagree"},"2":{"Display":"Somewhat disagree"},"3":{"Display":"Neither agree nor disagree"},"4":{"Display":"Somewhat agree"},"5":{"Display":"Strongly agree"}},"AnswerOrder":[1,2,3,4,5],"ChoiceDataExportTags":false,"QuestionText_Unsafe":"To what extent do you agree or disagree to the following statements?<br>","DataExportTag":"advice_fair\u00a0","QuestionID":"QID50"}},{"SurveyID":"SV_8kK7mFtZv8hrwI6","Element":"SQ","PrimaryAttribute":"QID51","SecondaryAttribute":"Evaluative Standard: Fairness and Equality\u00a0 Justification: This action would result in both indiv..","TertiaryAttribute":null,"Payload":{"QuestionText":"Evaluative Standard: Fairness and Equality&nbsp;<br><br>Justification: This action would result in both individuals having \u00a37 each, promoting fairness and equality in the distribution of funds.<br>","DefaultChoices":false,"QuestionType":"DB","Selector":"TB","DataVisibility":{"Private":false,"Hidden":false},"Configuration":{"QuestionDescriptionOption":"UseText"},"QuestionDescription":"Evaluative Standard: Fairness and Equality\u00a0 Justification: This action would result in both indiv...","ChoiceOrder":[],"Validation":{"Settings":{"Type":"None"}},"GradingData":[],"Language":[],"NextChoiceId":4,"NextAnswerId":1,"QuestionText_Unsafe":"The first response from the AI agent showed the following standard and justification.<br><br>Evaluative Standard: Fairness&nbsp;<br><br>Justification: This will result in both parties having \u00a37, ensuring an equal distribution of resources which aligns with the principle of fairness<br>","DataExportTag":"Q11","QuestionID":"QID51"}},{"SurveyID":"SV_8kK7mFtZv8hrwI6","Element":"SQ","PrimaryAttribute":"QID52","SecondaryAttribute":"To what extent do you agree or disagree to the following statements?","TertiaryAttribute":null,"Payload":{"QuestionText":"To what extent do you agree or disagree to the following statements?<br>","DefaultChoices":false,"QuestionType":"Matrix","Selector":"Likert","SubSelector":"SingleAnswer","DataVisibility":{"Private":false,"Hidden":false},"Configuration":{"QuestionDescriptionOption":"UseText","TextPosition":"inline","ChoiceColumnWidth":25,"RepeatHeaders":"none","WhiteSpace":"OFF","MobileFirst":true,"Autoscale":{"XScale":{"Name":"agreeDisagree","Type":"likert","Reverse":false}}},"QuestionDescription":"To what extent do you agree or disagree to the following statements?","Choices":{"1":{"Display":"The recommendation is based on a standard that matters to me"},"2":{"Display":"The reasoning behind this recommendation makes sense to me"},"3":{"Display":"After reading this response, I feel more inclined to revise my allocation decision"}},"ChoiceOrder":["1","2","3"],"Validation":{"Settings":{"ForceResponse":"ON","ForceResponseType":"ON","Type":"None"}},"GradingData":[],"Language":[],"NextChoiceId":4,"NextAnswerId":6,"Answers":{"1":{"Display":"Strongly disagree"},"2":{"Display":"Somewhat disagree"},"3":{"Display":"Neither agree nor disagree"},"4":{"Display":"Somewhat agree"},"5":{"Display":"Strongly agree"}},"AnswerOrder":[1,2,3,4,5],"ChoiceDataExportTags":false,"QuestionText_Unsafe":"To what extent do you agree or disagree to the following statements?<br>","DataExportTag":"advice_fairequal ","QuestionID":"QID52"}},{"SurveyID":"SV_8kK7mFtZv8hrwI6","Element":"SQ","PrimaryAttribute":"QID53","SecondaryAttribute":"Welcome to this study! Please note that your participation will be registered on the following Pr...","TertiaryAttribute":null,"Payload":{"QuestionText":"Welcome to this study!<br \/>\n<br \/>\nPlease note that your participation will be registered on the following Prolific ID: ${e:\/\/Field\/PROLIFIC_PID}<br \/>\n<br \/>\nThe participant ID was retrieved automatically when you clicked on the link that brought you here. This step is necessary for assigning payments to the right account and to ensure that you only participate in this study once.","DefaultChoices":false,"DataExportTag":"Q1","QuestionID":"QID53","QuestionType":"DB","Selector":"TB","DataVisibility":{"Private":false,"Hidden":false},"Configuration":{"QuestionDescriptionOption":"UseText"},"QuestionDescription":"Welcome to this study! Please note that your participation will be registered on the following Pr...","ChoiceOrder":[],"Validation":{"Settings":{"Type":"None"}},"GradingData":[],"Language":[],"NextChoiceId":4,"NextAnswerId":1}},{"SurveyID":"SV_8kK7mFtZv8hrwI6","Element":"SQ","PrimaryAttribute":"QID54","SecondaryAttribute":"Before submitting your final allocation decision, imagine you have the opportunity to consult an...","TertiaryAttribute":null,"Payload":{"QuestionText":"Before submitting your final allocation decision, imagine you have the opportunity to consult an AI agent (e.g., ChatGPT, Claude, Gemini). Consider the following question asking what it would do in your position.<br>\n<br>\n<em>\"Suppose you are advising a decision-maker involved in the following decision. The decision-maker has \u00a310 and the recipient has&nbsp;\u00a34. The decision-maker may give any amount from their&nbsp;\u00a310 to the recipient or take any amount from the recipient's&nbsp;\u00a34. There are many ways to evaluate what should be done in this situation. Select one such evaluative standard and base your advice entirely on it. Provide exactly one clear recommendation (what the decision-maker should do) and briefly justify it in no more than 50 words. Do not discuss any other recommendation alternative.\" &nbsp;<\/em>","DefaultChoices":false,"DataExportTag":"Q7","QuestionID":"QID54","QuestionType":"DB","Selector":"TB","DataVisibility":{"Private":false,"Hidden":false},"Configuration":{"QuestionDescriptionOption":"UseText"},"QuestionDescription":"Before submitting your final allocation decision, imagine you have the opportunity to consult an...","ChoiceOrder":[],"Validation":{"Settings":{"Type":"None"}},"GradingData":[],"Language":[],"NextChoiceId":4,"NextAnswerId":1}},{"SurveyID":"SV_8kK7mFtZv8hrwI6","Element":"SQ","PrimaryAttribute":"QID55","SecondaryAttribute":"Thank you for your participation in our study. Please contact the research group at FEELE LAB if...","TertiaryAttribute":null,"Payload":{"QuestionText":"Thank you for your participation in our study. Please contact the research group at FEELE LAB if you have any questions. Please click the next button to register your work on Prolific .","DefaultChoices":false,"DataExportTag":"Q52","QuestionID":"QID55","QuestionType":"DB","Selector":"TB","DataVisibility":{"Private":false,"Hidden":false},"Configuration":{"QuestionDescriptionOption":"UseText"},"QuestionDescription":"Thank you for your participation in our study. Please contact the research group at FEELE LAB if...","ChoiceOrder":[],"Validation":{"Settings":{"Type":"None"}},"GradingData":[],"Language":[],"NextChoiceId":4,"NextAnswerId":1}},{"SurveyID":"SV_8kK7mFtZv8hrwI6","Element":"SQ","PrimaryAttribute":"QID6","SecondaryAttribute":" ","TertiaryAttribute":null,"Payload":{"QuestionText":"&nbsp; &nbsp;&nbsp;","DefaultChoices":false,"DataExportTag":"Q6","QuestionID":"QID6","QuestionType":"DB","Selector":"GRB","SubSelector":"WTXB","DataVisibility":{"Private":false,"Hidden":false},"Configuration":{"QuestionDescriptionOption":"UseText"},"QuestionDescription":" ","ChoiceOrder":[],"Validation":{"Settings":{"Type":"None"}},"GradingData":[],"Language":[],"NextChoiceId":4,"NextAnswerId":1,"Graphics":"IM_UqwrPi63FPaiBPK","GraphicsDescription":"Screenshot 2026 04 08 at 16.14.48"}},{"SurveyID":"SV_8kK7mFtZv8hrwI6","Element":"SQ","PrimaryAttribute":"QID7","SecondaryAttribute":"What is the most a participant in room A can take from a participant in room B?","TertiaryAttribute":null,"Payload":{"QuestionText":"What is the most a participant in room A can <b>take<\/b> from a participant in room B?","DefaultChoices":false,"DataExportTag":"Q7","QuestionType":"MC","Selector":"SAVR","SubSelector":"TX","DataVisibility":{"Private":false,"Hidden":false},"Configuration":{"QuestionDescriptionOption":"UseText"},"QuestionDescription":"What is the most a participant in room A can take from a participant in room B?","Choices":{"1":{"Display":"\u00a34"},"2":{"Display":"\u00a310"},"3":{"Display":"\u00a313"}},"ChoiceOrder":["1","2","3"],"Validation":{"Settings":{"ForceResponse":"OFF","Type":"None"}},"GradingData":[],"Language":[],"NextChoiceId":4,"NextAnswerId":1,"QuestionID":"QID7"}},{"SurveyID":"SV_8kK7mFtZv8hrwI6","Element":"SQ","PrimaryAttribute":"QID8","SecondaryAttribute":"We will now ask you some questions to ensure you understood the instructions.","TertiaryAttribute":null,"Payload":{"QuestionText":"We will now ask you some questions to ensure you understood the instructions.","DefaultChoices":false,"DataExportTag":"Q8","QuestionType":"DB","Selector":"TB","DataVisibility":{"Private":false,"Hidden":false},"Configuration":{"QuestionDescriptionOption":"UseText"},"QuestionDescription":"We will now ask you some questions to ensure you understood the instructions.","ChoiceOrder":[],"Validation":{"Settings":{"Type":"None"}},"GradingData":[],"Language":[],"NextChoiceId":4,"NextAnswerId":1,"QuestionID":"QID8"}},{"SurveyID":"SV_8kK7mFtZv8hrwI6","Element":"SQ","PrimaryAttribute":"QID9","SecondaryAttribute":"After making their decision, participants in room A see the following instructions.","TertiaryAttribute":null,"Payload":{"QuestionText":"After making their decision, participants in room A see the following instructions.<br>","DefaultChoices":false,"DataExportTag":"Q9","QuestionType":"DB","Selector":"TB","DataVisibility":{"Private":false,"Hidden":false},"Configuration":{"QuestionDescriptionOption":"UseText"},"QuestionDescription":"After making their decision, participants in room A see the following instructions.","ChoiceOrder":[],"Validation":{"Settings":{"Type":"None"}},"GradingData":[],"Language":[],"NextChoiceId":4,"NextAnswerId":1,"QuestionID":"QID9"}},{"SurveyID":"SV_8kK7mFtZv8hrwI6","Element":"STAT","PrimaryAttribute":"Survey Statistics","SecondaryAttribute":null,"TertiaryAttribute":null,"Payload":{"MobileCompatible":true,"ID":"Survey Statistics"}}]}